
Microsoft Visual Studio Solution File, Format Version 12.00
# Visual Studio 14
VisualStudioVersion = 14.0.25420.1
MinimumVisualStudioVersion = 10.0.40219.1
Project("{FAE04EC0-301F-11D3-BF4B-00C04F79EFBC}") = "DoAn.API", "DoAn.API\DoAn.API.csproj", "{132455AF-A26E-43AF-93AB-B0A295441B04}"
EndProject
Project("{FAE04EC0-301F-11D3-BF4B-00C04F79EFBC}") = "DoAn.Model", "DoAn.Model\DoAn.Model.csproj", "{6BC988FE-8D8A-4733-AF6B-954254046BF0}"
EndProject
Project("{FAE04EC0-301F-11D3-BF4B-00C04F79EFBC}") = "DoAn.Entity", "DoAn.Entity\DoAn.Entity.csproj", "{7BBA03A6-6CF9-42C6-AD2C-9FD71BD48C57}"
EndProject
Project("{FAE04EC0-301F-11D3-BF4B-00C04F79EFBC}") = "DoAn.Views", "DoAn.Views\DoAn.Views.csproj", "{D3984071-CA58-4E42-A713-711785A64D63}"
EndProject
Global
	GlobalSection(SolutionConfigurationPlatforms) = preSolution
		Debug|Any CPU = Debug|Any CPU
		Release|Any CPU = Release|Any CPU
	EndGlobalSection
	GlobalSection(ProjectConfigurationPlatforms) = postSolution
		{132455AF-A26E-43AF-93AB-B0A295441B04}.Debug|Any CPU.ActiveCfg = Debug|Any CPU
		{132455AF-A26E-43AF-93AB-B0A295441B04}.Debug|Any CPU.Build.0 = Debug|Any CPU
		{132455AF-A26E-43AF-93AB-B0A295441B04}.Release|Any CPU.ActiveCfg = Release|Any CPU
		{132455AF-A26E-43AF-93AB-B0A295441B04}.Release|Any CPU.Build.0 = Release|Any CPU
		{6BC988FE-8D8A-4733-AF6B-954254046BF0}.Debug|Any CPU.ActiveCfg = Debug|Any CPU
		{6BC988FE-8D8A-4733-AF6B-954254046BF0}.Debug|Any CPU.Build.0 = Debug|Any CPU
		{6BC988FE-8D8A-4733-AF6B-954254046BF0}.Release|Any CPU.ActiveCfg = Release|Any CPU
		{6BC988FE-8D8A-4733-AF6B-954254046BF0}.Release|Any CPU.Build.0 = Release|Any CPU
		{7BBA03A6-6CF9-42C6-AD2C-9FD71BD48C57}.Debug|Any CPU.ActiveCfg = Debug|Any CPU
		{7BBA03A6-6CF9-42C6-AD2C-9FD71BD48C57}.Debug|Any CPU.Build.0 = Debug|Any CPU
		{7BBA03A6-6CF9-42C6-AD2C-9FD71BD48C57}.Release|Any CPU.ActiveCfg = Release|Any CPU
		{7BBA03A6-6CF9-42C6-AD2C-9FD71BD48C57}.Release|Any CPU.Build.0 = Release|Any CPU
		{D3984071-CA58-4E42-A713-711785A64D63}.Debug|Any CPU.ActiveCfg = Debug|Any CPU
		{D3984071-CA58-4E42-A713-711785A64D63}.Debug|Any CPU.Build.0 = Debug|Any CPU
		{D3984071-CA58-4E42-A713-711785A64D63}.Release|Any CPU.ActiveCfg = Release|Any CPU
		{D3984071-CA58-4E42-A713-711785A64D63}.Release|Any CPU.Build.0 = Release|Any CPU
	EndGlobalSection
	GlobalSection(SolutionProperties) = preSolution
		HideSolutionNode = FALSE
	EndGlobalSection
EndGlobal
